
Microsoft Visual Studio Solution File, Format Version 12.00
# Visual Studio 15
VisualStudioVersion = 15.0.28307.421
MinimumVisualStudioVersion = 10.0.40219.1
Project("{FAE04EC0-301F-11D3-BF4B-00C04F79EFBC}") = "ESDemo", "ESDemo\ESDemo.csproj", "{92D29F8B-485B-403E-9FDF-5839E98F1736}"
EndProject
Global
	GlobalSection(SolutionConfigurationPlatforms) = preSolution
		Debug|Any CPU = Debug|Any CPU
		Release|Any CPU = Release|Any CPU
	EndGlobalSection
	GlobalSection(ProjectConfigurationPlatforms) = postSolution
		{92D29F8B-485B-403E-9FDF-5839E98F1736}.Debug|Any CPU.ActiveCfg = Debug|Any CPU
		{92D29F8B-485B-403E-9FDF-5839E98F1736}.Debug|Any CPU.Build.0 = Debug|Any CPU
		{92D29F8B-485B-403E-9FDF-5839E98F1736}.Release|Any CPU.ActiveCfg = Release|Any CPU
		{92D29F8B-485B-403E-9FDF-5839E98F1736}.Release|Any CPU.Build.0 = Release|Any CPU
	EndGlobalSection
	GlobalSection(SolutionProperties) = preSolution
		HideSolutionNode = FALSE
	EndGlobalSection
	GlobalSection(ExtensibilityGlobals) = postSolution
		SolutionGuid = {115DD9A8-8849-4E52-AF42-3DA86C4875D7}
	EndGlobalSection
EndGlobal
